
Microsoft Visual Studio Solution File, Format Version 12.00
# Visual Studio 15
VisualStudioVersion = 15.0.26430.16
MinimumVisualStudioVersion = 10.0.40219.1
Project("{D954291E-2A0B-460D-934E-DC6B0785DB48}") = "StripeTestingApp", "StripeTestingApp\StripeTestingApp\StripeTestingApp.shproj", "{EF6EAED2-BC5B-4B96-A88D-131A7C8C60F6}"
EndProject
Project("{FAE04EC0-301F-11D3-BF4B-00C04F79EFBC}") = "StripeTestingApp.Android", "StripeTestingApp\StripeTestingApp.Android\StripeTestingApp.Android.csproj", "{F28C5985-8306-472B-B367-A7EB185D01BF}"
EndProject
Project("{FAE04EC0-301F-11D3-BF4B-00C04F79EFBC}") = "StripeTestingApp.iOS", "StripeTestingApp\StripeTestingApp.iOS\StripeTestingApp.iOS.csproj", "{C57F0629-EB13-408B-AEA8-F0BD353E742D}"
EndProject
Project("{FAE04EC0-301F-11D3-BF4B-00C04F79EFBC}") = "StripeTestingApp.UWP", "StripeTestingApp\StripeTestingApp.UWP\StripeTestingApp.UWP.csproj", "{D30288E6-7F59-462B-8088-406947DA6177}"
EndProject
Global
	GlobalSection(SharedMSBuildProjectFiles) = preSolution
		StripeTestingApp\StripeTestingApp\StripeTestingApp.projitems*{c57f0629-eb13-408b-aea8-f0bd353e742d}*SharedItemsImports = 4
		StripeTestingApp\StripeTestingApp\StripeTestingApp.projitems*{ef6eaed2-bc5b-4b96-a88d-131a7c8c60f6}*SharedItemsImports = 13
		StripeTestingApp\StripeTestingApp\StripeTestingApp.projitems*{f28c5985-8306-472b-b367-a7eb185d01bf}*SharedItemsImports = 4
	EndGlobalSection
	GlobalSection(SolutionConfigurationPlatforms) = preSolution
		Ad-Hoc|Any CPU = Ad-Hoc|Any CPU
		Ad-Hoc|ARM = Ad-Hoc|ARM
		Ad-Hoc|iPhone = Ad-Hoc|iPhone
		Ad-Hoc|iPhoneSimulator = Ad-Hoc|iPhoneSimulator
		Ad-Hoc|x64 = Ad-Hoc|x64
		Ad-Hoc|x86 = Ad-Hoc|x86
		AppStore|Any CPU = AppStore|Any CPU
		AppStore|ARM = AppStore|ARM
		AppStore|iPhone = AppStore|iPhone
		AppStore|iPhoneSimulator = AppStore|iPhoneSimulator
		AppStore|x64 = AppStore|x64
		AppStore|x86 = AppStore|x86
		Debug|Any CPU = Debug|Any CPU
		Debug|ARM = Debug|ARM
		Debug|iPhone = Debug|iPhone
		Debug|iPhoneSimulator = Debug|iPhoneSimulator
		Debug|x64 = Debug|x64
		Debug|x86 = Debug|x86
		Release|Any CPU = Release|Any CPU
		Release|ARM = Release|ARM
		Release|iPhone = Release|iPhone
		Release|iPhoneSimulator = Release|iPhoneSimulator
		Release|x64 = Release|x64
		Release|x86 = Release|x86
	EndGlobalSection
	GlobalSection(ProjectConfigurationPlatforms) = postSolution
		{F28C5985-8306-472B-B367-A7EB185D01BF}.Ad-Hoc|Any CPU.ActiveCfg = Release|Any CPU
		{F28C5985-8306-472B-B367-A7EB185D01BF}.Ad-Hoc|Any CPU.Build.0 = Release|Any CPU
		{F28C5985-8306-472B-B367-A7EB185D01BF}.Ad-Hoc|Any CPU.Deploy.0 = Release|Any CPU
		{F28C5985-8306-472B-B367-A7EB185D01BF}.Ad-Hoc|ARM.ActiveCfg = Release|Any CPU
		{F28C5985-8306-472B-B367-A7EB185D01BF}.Ad-Hoc|ARM.Build.0 = Release|Any CPU
		{F28C5985-8306-472B-B367-A7EB185D01BF}.Ad-Hoc|ARM.Deploy.0 = Release|Any CPU
		{F28C5985-8306-472B-B367-A7EB185D01BF}.Ad-Hoc|iPhone.ActiveCfg = Release|Any CPU
		{F28C5985-8306-472B-B367-A7EB185D01BF}.Ad-Hoc|iPhone.Build.0 = Release|Any CPU
		{F28C5985-8306-472B-B367-A7EB185D01BF}.Ad-Hoc|iPhone.Deploy.0 = Release|Any CPU
		{F28C5985-8306-472B-B367-A7EB185D01BF}.Ad-Hoc|iPhoneSimulator.ActiveCfg = Release|Any CPU
		{F28C5985-8306-472B-B367-A7EB185D01BF}.Ad-Hoc|iPhoneSimulator.Build.0 = Release|Any CPU
		{F28C5985-8306-472B-B367-A7EB185D01BF}.Ad-Hoc|iPhoneSimulator.Deploy.0 = Release|Any CPU
		{F28C5985-8306-472B-B367-A7EB185D01BF}.Ad-Hoc|x64.ActiveCfg = Release|Any CPU
		{F28C5985-8306-472B-B367-A7EB185D01BF}.Ad-Hoc|x64.Build.0 = Release|Any CPU
		{F28C5985-8306-472B-B367-A7EB185D01BF}.Ad-Hoc|x64.Deploy.0 = Release|Any CPU
		{F28C5985-8306-472B-B367-A7EB185D01BF}.Ad-Hoc|x86.ActiveCfg = Release|Any CPU
		{F28C5985-8306-472B-B367-A7EB185D01BF}.Ad-Hoc|x86.Build.0 = Release|Any CPU
		{F28C5985-8306-472B-B367-A7EB185D01BF}.Ad-Hoc|x86.Deploy.0 = Release|Any CPU
		{F28C5985-8306-472B-B367-A7EB185D01BF}.AppStore|Any CPU.ActiveCfg = Release|Any CPU
		{F28C5985-8306-472B-B367-A7EB185D01BF}.AppStore|Any CPU.Build.0 = Release|Any CPU
		{F28C5985-8306-472B-B367-A7EB185D01BF}.AppStore|Any CPU.Deploy.0 = Release|Any CPU
		{F28C5985-8306-472B-B367-A7EB185D01BF}.AppStore|ARM.ActiveCfg = Release|Any CPU
		{F28C5985-8306-472B-B367-A7EB185D01BF}.AppStore|ARM.Build.0 = Release|Any CPU
		{F28C5985-8306-472B-B367-A7EB185D01BF}.AppStore|ARM.Deploy.0 = Release|Any CPU
		{F28C5985-8306-472B-B367-A7EB185D01BF}.AppStore|iPhone.ActiveCfg = Release|Any CPU
		{F28C5985-8306-472B-B367-A7EB185D01BF}.AppStore|iPhone.Build.0 = Release|Any CPU
		{F28C5985-8306-472B-B367-A7EB185D01BF}.AppStore|iPhone.Deploy.0 = Release|Any CPU
		{F28C5985-8306-472B-B367-A7EB185D01BF}.AppStore|iPhoneSimulator.ActiveCfg = Release|Any CPU
		{F28C5985-8306-472B-B367-A7EB185D01BF}.AppStore|iPhoneSimulator.Build.0 = Release|Any CPU
		{F28C5985-8306-472B-B367-A7EB185D01BF}.AppStore|iPhoneSimulator.Deploy.0 = Release|Any CPU
		{F28C5985-8306-472B-B367-A7EB185D01BF}.AppStore|x64.ActiveCfg = Release|Any CPU
		{F28C5985-8306-472B-B367-A7EB185D01BF}.AppStore|x64.Build.0 = Release|Any CPU
		{F28C5985-8306-472B-B367-A7EB185D01BF}.AppStore|x64.Deploy.0 = Release|Any CPU
		{F28C5985-8306-472B-B367-A7EB185D01BF}.AppStore|x86.ActiveCfg = Release|Any CPU
		{F28C5985-8306-472B-B367-A7EB185D01BF}.AppStore|x86.Build.0 = Release|Any CPU
		{F28C5985-8306-472B-B367-A7EB185D01BF}.AppStore|x86.Deploy.0 = Release|Any CPU
		{F28C5985-8306-472B-B367-A7EB185D01BF}.Debug|Any CPU.ActiveCfg = Debug|Any CPU
		{F28C5985-8306-472B-B367-A7EB185D01BF}.Debug|Any CPU.Build.0 = Debug|Any CPU
		{F28C5985-8306-472B-B367-A7EB185D01BF}.Debug|Any CPU.Deploy.0 = Debug|Any CPU
		{F28C5985-8306-472B-B367-A7EB185D01BF}.Debug|ARM.ActiveCfg = Debug|Any CPU
		{F28C5985-8306-472B-B367-A7EB185D01BF}.Debug|ARM.Build.0 = Debug|Any CPU
		{F28C5985-8306-472B-B367-A7EB185D01BF}.Debug|ARM.Deploy.0 = Debug|Any CPU
		{F28C5985-8306-472B-B367-A7EB185D01BF}.Debug|iPhone.ActiveCfg = Debug|Any CPU
		{F28C5985-8306-472B-B367-A7EB185D01BF}.Debug|iPhone.Build.0 = Debug|Any CPU
		{F28C5985-8306-472B-B367-A7EB185D01BF}.Debug|iPhone.Deploy.0 = Debug|Any CPU
		{F28C5985-8306-472B-B367-A7EB185D01BF}.Debug|iPhoneSimulator.ActiveCfg = Debug|Any CPU
		{F28C5985-8306-472B-B367-A7EB185D01BF}.Debug|iPhoneSimulator.Build.0 = Debug|Any CPU
		{F28C5985-8306-472B-B367-A7EB185D01BF}.Debug|iPhoneSimulator.Deploy.0 = Debug|Any CPU
		{F28C5985-8306-472B-B367-A7EB185D01BF}.Debug|x64.ActiveCfg = Debug|Any CPU
		{F28C5985-8306-472B-B367-A7EB185D01BF}.Debug|x64.Build.0 = Debug|Any CPU
		{F28C5985-8306-472B-B367-A7EB185D01BF}.Debug|x64.Deploy.0 = Debug|Any CPU
		{F28C5985-8306-472B-B367-A7EB185D01BF}.Debug|x86.ActiveCfg = Debug|Any CPU
		{F28C5985-8306-472B-B367-A7EB185D01BF}.Debug|x86.Build.0 = Debug|Any CPU
		{F28C5985-8306-472B-B367-A7EB185D01BF}.Debug|x86.Deploy.0 = Debug|Any CPU
		{F28C5985-8306-472B-B367-A7EB185D01BF}.Release|Any CPU.ActiveCfg = Release|Any CPU
		{F28C5985-8306-472B-B367-A7EB185D01BF}.Release|Any CPU.Build.0 = Release|Any CPU
		{F28C5985-8306-472B-B367-A7EB185D01BF}.Release|Any CPU.Deploy.0 = Release|Any CPU
		{F28C5985-8306-472B-B367-A7EB185D01BF}.Release|ARM.ActiveCfg = Release|Any CPU
		{F28C5985-8306-472B-B367-A7EB185D01BF}.Release|ARM.Build.0 = Release|Any CPU
		{F28C5985-8306-472B-B367-A7EB185D01BF}.Release|ARM.Deploy.0 = Release|Any CPU
		{F28C5985-8306-472B-B367-A7EB185D01BF}.Release|iPhone.ActiveCfg = Release|Any CPU
		{F28C5985-8306-472B-B367-A7EB185D01BF}.Release|iPhone.Build.0 = Release|Any CPU
		{F28C5985-8306-472B-B367-A7EB185D01BF}.Release|iPhone.Deploy.0 = Release|Any CPU
		{F28C5985-8306-472B-B367-A7EB185D01BF}.Release|iPhoneSimulator.ActiveCfg = Release|Any CPU
		{F28C5985-8306-472B-B367-A7EB185D01BF}.Release|iPhoneSimulator.Build.0 = Release|Any CPU
		{F28C5985-8306-472B-B367-A7EB185D01BF}.Release|iPhoneSimulator.Deploy.0 = Release|Any CPU
		{F28C5985-8306-472B-B367-A7EB185D01BF}.Release|x64.ActiveCfg = Release|Any CPU
		{F28C5985-8306-472B-B367-A7EB185D01BF}.Release|x64.Build.0 = Release|Any CPU
		{F28C5985-8306-472B-B367-A7EB185D01BF}.Release|x64.Deploy.0 = Release|Any CPU
		{F28C5985-8306-472B-B367-A7EB185D01BF}.Release|x86.ActiveCfg = Release|Any CPU
		{F28C5985-8306-472B-B367-A7EB185D01BF}.Release|x86.Build.0 = Release|Any CPU
		{F28C5985-8306-472B-B367-A7EB185D01BF}.Release|x86.Deploy.0 = Release|Any CPU
		{C57F0629-EB13-408B-AEA8-F0BD353E742D}.Ad-Hoc|Any CPU.ActiveCfg = Ad-Hoc|iPhone
		{C57F0629-EB13-408B-AEA8-F0BD353E742D}.Ad-Hoc|ARM.ActiveCfg = Ad-Hoc|iPhone
		{C57F0629-EB13-408B-AEA8-F0BD353E742D}.Ad-Hoc|iPhone.ActiveCfg = Ad-Hoc|iPhone
		{C57F0629-EB13-408B-AEA8-F0BD353E742D}.Ad-Hoc|iPhone.Build.0 = Ad-Hoc|iPhone
		{C57F0629-EB13-408B-AEA8-F0BD353E742D}.Ad-Hoc|iPhoneSimulator.ActiveCfg = Ad-Hoc|iPhoneSimulator
		{C57F0629-EB13-408B-AEA8-F0BD353E742D}.Ad-Hoc|iPhoneSimulator.Build.0 = Ad-Hoc|iPhoneSimulator
		{C57F0629-EB13-408B-AEA8-F0BD353E742D}.Ad-Hoc|x64.ActiveCfg = Ad-Hoc|iPhone
		{C57F0629-EB13-408B-AEA8-F0BD353E742D}.Ad-Hoc|x86.ActiveCfg = Ad-Hoc|iPhone
		{C57F0629-EB13-408B-AEA8-F0BD353E742D}.AppStore|Any CPU.ActiveCfg = AppStore|iPhone
		{C57F0629-EB13-408B-AEA8-F0BD353E742D}.AppStore|ARM.ActiveCfg = AppStore|iPhone
		{C57F0629-EB13-408B-AEA8-F0BD353E742D}.AppStore|iPhone.ActiveCfg = AppStore|iPhone
		{C57F0629-EB13-408B-AEA8-F0BD353E742D}.AppStore|iPhone.Build.0 = AppStore|iPhone
		{C57F0629-EB13-408B-AEA8-F0BD353E742D}.AppStore|iPhoneSimulator.ActiveCfg = AppStore|iPhoneSimulator
		{C57F0629-EB13-408B-AEA8-F0BD353E742D}.AppStore|iPhoneSimulator.Build.0 = AppStore|iPhoneSimulator
		{C57F0629-EB13-408B-AEA8-F0BD353E742D}.AppStore|x64.ActiveCfg = AppStore|iPhone
		{C57F0629-EB13-408B-AEA8-F0BD353E742D}.AppStore|x86.ActiveCfg = AppStore|iPhone
		{C57F0629-EB13-408B-AEA8-F0BD353E742D}.Debug|Any CPU.ActiveCfg = Debug|iPhone
		{C57F0629-EB13-408B-AEA8-F0BD353E742D}.Debug|ARM.ActiveCfg = Debug|iPhone
		{C57F0629-EB13-408B-AEA8-F0BD353E742D}.Debug|iPhone.ActiveCfg = Debug|iPhone
		{C57F0629-EB13-408B-AEA8-F0BD353E742D}.Debug|iPhone.Build.0 = Debug|iPhone
		{C57F0629-EB13-408B-AEA8-F0BD353E742D}.Debug|iPhoneSimulator.ActiveCfg = Debug|iPhoneSimulator
		{C57F0629-EB13-408B-AEA8-F0BD353E742D}.Debug|iPhoneSimulator.Build.0 = Debug|iPhoneSimulator
		{C57F0629-EB13-408B-AEA8-F0BD353E742D}.Debug|x64.ActiveCfg = Debug|iPhone
		{C57F0629-EB13-408B-AEA8-F0BD353E742D}.Debug|x86.ActiveCfg = Debug|iPhone
		{C57F0629-EB13-408B-AEA8-F0BD353E742D}.Release|Any CPU.ActiveCfg = Release|iPhone
		{C57F0629-EB13-408B-AEA8-F0BD353E742D}.Release|ARM.ActiveCfg = Release|iPhone
		{C57F0629-EB13-408B-AEA8-F0BD353E742D}.Release|iPhone.ActiveCfg = Release|iPhone
		{C57F0629-EB13-408B-AEA8-F0BD353E742D}.Release|iPhone.Build.0 = Release|iPhone
		{C57F0629-EB13-408B-AEA8-F0BD353E742D}.Release|iPhoneSimulator.ActiveCfg = Release|iPhoneSimulator
		{C57F0629-EB13-408B-AEA8-F0BD353E742D}.Release|iPhoneSimulator.Build.0 = Release|iPhoneSimulator
		{C57F0629-EB13-408B-AEA8-F0BD353E742D}.Release|x64.ActiveCfg = Release|iPhone
		{C57F0629-EB13-408B-AEA8-F0BD353E742D}.Release|x86.ActiveCfg = Release|iPhone
		{D30288E6-7F59-462B-8088-406947DA6177}.Ad-Hoc|Any CPU.ActiveCfg = Release|x86
		{D30288E6-7F59-462B-8088-406947DA6177}.Ad-Hoc|Any CPU.Build.0 = Release|x86
		{D30288E6-7F59-462B-8088-406947DA6177}.Ad-Hoc|Any CPU.Deploy.0 = Release|x86
		{D30288E6-7F59-462B-8088-406947DA6177}.Ad-Hoc|ARM.ActiveCfg = Release|ARM
		{D30288E6-7F59-462B-8088-406947DA6177}.Ad-Hoc|ARM.Build.0 = Release|ARM
		{D30288E6-7F59-462B-8088-406947DA6177}.Ad-Hoc|ARM.Deploy.0 = Release|ARM
		{D30288E6-7F59-462B-8088-406947DA6177}.Ad-Hoc|iPhone.ActiveCfg = Release|x86
		{D30288E6-7F59-462B-8088-406947DA6177}.Ad-Hoc|iPhone.Build.0 = Release|x86
		{D30288E6-7F59-462B-8088-406947DA6177}.Ad-Hoc|iPhone.Deploy.0 = Release|x86
		{D30288E6-7F59-462B-8088-406947DA6177}.Ad-Hoc|iPhoneSimulator.ActiveCfg = Release|x86
		{D30288E6-7F59-462B-8088-406947DA6177}.Ad-Hoc|iPhoneSimulator.Build.0 = Release|x86
		{D30288E6-7F59-462B-8088-406947DA6177}.Ad-Hoc|iPhoneSimulator.Deploy.0 = Release|x86
		{D30288E6-7F59-462B-8088-406947DA6177}.Ad-Hoc|x64.ActiveCfg = Release|x64
		{D30288E6-7F59-462B-8088-406947DA6177}.Ad-Hoc|x64.Build.0 = Release|x64
		{D30288E6-7F59-462B-8088-406947DA6177}.Ad-Hoc|x64.Deploy.0 = Release|x64
		{D30288E6-7F59-462B-8088-406947DA6177}.Ad-Hoc|x86.ActiveCfg = Release|x86
		{D30288E6-7F59-462B-8088-406947DA6177}.Ad-Hoc|x86.Build.0 = Release|x86
		{D30288E6-7F59-462B-8088-406947DA6177}.Ad-Hoc|x86.Deploy.0 = Release|x86
		{D30288E6-7F59-462B-8088-406947DA6177}.AppStore|Any CPU.ActiveCfg = Release|x86
		{D30288E6-7F59-462B-8088-406947DA6177}.AppStore|Any CPU.Build.0 = Release|x86
		{D30288E6-7F59-462B-8088-406947DA6177}.AppStore|Any CPU.Deploy.0 = Release|x86
		{D30288E6-7F59-462B-8088-406947DA6177}.AppStore|ARM.ActiveCfg = Release|ARM
		{D30288E6-7F59-462B-8088-406947DA6177}.AppStore|ARM.Build.0 = Release|ARM
		{D30288E6-7F59-462B-8088-406947DA6177}.AppStore|ARM.Deploy.0 = Release|ARM
		{D30288E6-7F59-462B-8088-406947DA6177}.AppStore|iPhone.ActiveCfg = Release|x86
		{D30288E6-7F59-462B-8088-406947DA6177}.AppStore|iPhone.Build.0 = Release|x86
		{D30288E6-7F59-462B-8088-406947DA6177}.AppStore|iPhone.Deploy.0 = Release|x86
		{D30288E6-7F59-462B-8088-406947DA6177}.AppStore|iPhoneSimulator.ActiveCfg = Release|x86
		{D30288E6-7F59-462B-8088-406947DA6177}.AppStore|iPhoneSimulator.Build.0 = Release|x86
		{D30288E6-7F59-462B-8088-406947DA6177}.AppStore|iPhoneSimulator.Deploy.0 = Release|x86
		{D30288E6-7F59-462B-8088-406947DA6177}.AppStore|x64.ActiveCfg = Release|x64
		{D30288E6-7F59-462B-8088-406947DA6177}.AppStore|x64.Build.0 = Release|x64
		{D30288E6-7F59-462B-8088-406947DA6177}.AppStore|x64.Deploy.0 = Release|x64
		{D30288E6-7F59-462B-8088-406947DA6177}.AppStore|x86.ActiveCfg = Release|x86
		{D30288E6-7F59-462B-8088-406947DA6177}.AppStore|x86.Build.0 = Release|x86
		{D30288E6-7F59-462B-8088-406947DA6177}.AppStore|x86.Deploy.0 = Release|x86
		{D30288E6-7F59-462B-8088-406947DA6177}.Debug|Any CPU.ActiveCfg = Debug|x86
		{D30288E6-7F59-462B-8088-406947DA6177}.Debug|ARM.ActiveCfg = Debug|ARM
		{D30288E6-7F59-462B-8088-406947DA6177}.Debug|ARM.Build.0 = Debug|ARM
		{D30288E6-7F59-462B-8088-406947DA6177}.Debug|ARM.Deploy.0 = Debug|ARM
		{D30288E6-7F59-462B-8088-406947DA6177}.Debug|iPhone.ActiveCfg = Debug|x86
		{D30288E6-7F59-462B-8088-406947DA6177}.Debug|iPhoneSimulator.ActiveCfg = Debug|x86
		{D30288E6-7F59-462B-8088-406947DA6177}.Debug|x64.ActiveCfg = Debug|x64
		{D30288E6-7F59-462B-8088-406947DA6177}.Debug|x64.Build.0 = Debug|x64
		{D30288E6-7F59-462B-8088-406947DA6177}.Debug|x64.Deploy.0 = Debug|x64
		{D30288E6-7F59-462B-8088-406947DA6177}.Debug|x86.ActiveCfg = Debug|x86
		{D30288E6-7F59-462B-8088-406947DA6177}.Debug|x86.Build.0 = Debug|x86
		{D30288E6-7F59-462B-8088-406947DA6177}.Debug|x86.Deploy.0 = Debug|x86
		{D30288E6-7F59-462B-8088-406947DA6177}.Release|Any CPU.ActiveCfg = Release|x86
		{D30288E6-7F59-462B-8088-406947DA6177}.Release|ARM.ActiveCfg = Release|ARM
		{D30288E6-7F59-462B-8088-406947DA6177}.Release|ARM.Build.0 = Release|ARM
		{D30288E6-7F59-462B-8088-406947DA6177}.Release|ARM.Deploy.0 = Release|ARM
		{D30288E6-7F59-462B-8088-406947DA6177}.Release|iPhone.ActiveCfg = Release|x86
		{D30288E6-7F59-462B-8088-406947DA6177}.Release|iPhoneSimulator.ActiveCfg = Release|x86
		{D30288E6-7F59-462B-8088-406947DA6177}.Release|x64.ActiveCfg = Release|x64
		{D30288E6-7F59-462B-8088-406947DA6177}.Release|x64.Build.0 = Release|x64
		{D30288E6-7F59-462B-8088-406947DA6177}.Release|x64.Deploy.0 = Release|x64
		{D30288E6-7F59-462B-8088-406947DA6177}.Release|x86.ActiveCfg = Release|x86
		{D30288E6-7F59-462B-8088-406947DA6177}.Release|x86.Build.0 = Release|x86
		{D30288E6-7F59-462B-8088-406947DA6177}.Release|x86.Deploy.0 = Release|x86
	EndGlobalSection
	GlobalSection(SolutionProperties) = preSolution
		HideSolutionNode = FALSE
	EndGlobalSection
EndGlobal
